
Microsoft Visual Studio Solution File, Format Version 12.00
# Visual Studio Version 17
VisualStudioVersion = 17.0.31903.59
MinimumVisualStudioVersion = 10.0.40219.1
Project("{FAE04EC0-301F-11D3-BF4B-00C04F79EFBC}") = "MagnetarYggdrasil", "src\MagnetarYggdrasil\MagnetarYggdrasil.csproj", "{856972B7-6095-4686-9C64-07184A1C3C43}"
EndProject
Project("{FAE04EC0-301F-11D3-BF4B-00C04F79EFBC}") = "MagnetarYggdrasil.Tests", "tests\MagnetarYggdrasil.Tests\MagnetarYggdrasil.Tests.csproj", "{C4498305-6481-4C18-9366-419794018304}"
EndProject
Global
	GlobalSection(SolutionConfigurationPlatforms) = preSolution
		Debug|Any CPU = Debug|Any CPU
		Release|Any CPU = Release|Any CPU
	EndGlobalSection
	GlobalSection(ProjectConfigurationPlatforms) = postSolution
		{856972B7-6095-4686-9C64-07184A1C3C43}.Debug|Any CPU.ActiveCfg = Debug|Any CPU
		{856972B7-6095-4686-9C64-07184A1C3C43}.Debug|Any CPU.Build.0 = Debug|Any CPU
		{856972B7-6095-4686-9C64-07184A1C3C43}.Release|Any CPU.ActiveCfg = Release|Any CPU
		{856972B7-6095-4686-9C64-07184A1C3C43}.Release|Any CPU.Build.0 = Release|Any CPU
		{C4498305-6481-4C18-9366-419794018304}.Debug|Any CPU.ActiveCfg = Debug|Any CPU
		{C4498305-6481-4C18-9366-419794018304}.Debug|Any CPU.Build.0 = Debug|Any CPU
		{C4498305-6481-4C18-9366-419794018304}.Release|Any CPU.ActiveCfg = Release|Any CPU
		{C4498305-6481-4C18-9366-419794018304}.Release|Any CPU.Build.0 = Release|Any CPU
	EndGlobalSection
	GlobalSection(SolutionProperties) = preSolution
		HideSolutionNode = FALSE
	EndGlobalSection
EndGlobal
